
Microsoft Visual Studio Solution File, Format Version 12.00
# Visual Studio Version 17
VisualStudioVersion = 17.13.35919.96 d17.13
MinimumVisualStudioVersion = 10.0.40219.1
Project("{FAE04EC0-301F-11D3-BF4B-00C04F79EFBC}") = "ExchangeRateExplorer", "ExchangeRateExplorer\ExchangeRateExplorer.csproj", "{F2394B52-A5A5-42C1-9C64-6EFEBA882351}"
EndProject
Global
	GlobalSection(SolutionConfigurationPlatforms) = preSolution
		Debug|Any CPU = Debug|Any CPU
		Release|Any CPU = Release|Any CPU
	EndGlobalSection
	GlobalSection(ProjectConfigurationPlatforms) = postSolution
		{F2394B52-A5A5-42C1-9C64-6EFEBA882351}.Debug|Any CPU.ActiveCfg = Debug|Any CPU
		{F2394B52-A5A5-42C1-9C64-6EFEBA882351}.Debug|Any CPU.Build.0 = Debug|Any CPU
		{F2394B52-A5A5-42C1-9C64-6EFEBA882351}.Release|Any CPU.ActiveCfg = Release|Any CPU
		{F2394B52-A5A5-42C1-9C64-6EFEBA882351}.Release|Any CPU.Build.0 = Release|Any CPU
	EndGlobalSection
	GlobalSection(SolutionProperties) = preSolution
		HideSolutionNode = FALSE
	EndGlobalSection
	GlobalSection(ExtensibilityGlobals) = postSolution
		SolutionGuid = {B3409C26-77D9-4AE9-B530-0293B018AD58}
	EndGlobalSection
EndGlobal
